// !$*UTF8*$!
{
	archiveVersion = 1;
	classes = {
	};
	objectVersion = 56;
	objects = {

/* Begin PBXBuildFile section */
		60180BCA2959D19200D30877 /* NewTimeViewController.swift in Sources */ = {isa = PBXBuildFile; fileRef = 60180BC92959D19200D30877 /* NewTimeViewController.swift */; };
		60180BCD2959D1D900D30877 /* NewTimePresenter.swift in Sources */ = {isa = PBXBuildFile; fileRef = 60180BCC2959D1D900D30877 /* NewTimePresenter.swift */; };
		60180BCF2959D4DC00D30877 /* NewTimeModel.swift in Sources */ = {isa = PBXBuildFile; fileRef = 60180BCE2959D4DC00D30877 /* NewTimeModel.swift */; };
		6051C96429338FE9006EA4FB /* AppDelegate.swift in Sources */ = {isa = PBXBuildFile; fileRef = 6051C96329338FE9006EA4FB /* AppDelegate.swift */; };
		6051C96629338FE9006EA4FB /* SceneDelegate.swift in Sources */ = {isa = PBXBuildFile; fileRef = 6051C96529338FE9006EA4FB /* SceneDelegate.swift */; };
		6051C96829338FE9006EA4FB /* MainViewController.swift in Sources */ = {isa = PBXBuildFile; fileRef = 6051C96729338FE9006EA4FB /* MainViewController.swift */; };
		6051C96D29338FEC006EA4FB /* Assets.xcassets in Resources */ = {isa = PBXBuildFile; fileRef = 6051C96C29338FEC006EA4FB /* Assets.xcassets */; };
		6051C97029338FEC006EA4FB /* LaunchScreen.storyboard in Resources */ = {isa = PBXBuildFile; fileRef = 6051C96E29338FEC006EA4FB /* LaunchScreen.storyboard */; };
		6051C97E2937500F006EA4FB /* Time.swift in Sources */ = {isa = PBXBuildFile; fileRef = 6051C97D2937500F006EA4FB /* Time.swift */; };
		6051C98029378BC1006EA4FB /* MainPresenter.swift in Sources */ = {isa = PBXBuildFile; fileRef = 6051C97F29378BC1006EA4FB /* MainPresenter.swift */; };
		6051C98529388E79006EA4FB /* SettingsViewController.swift in Sources */ = {isa = PBXBuildFile; fileRef = 6051C98429388E79006EA4FB /* SettingsViewController.swift */; };
		6051C98729388F5B006EA4FB /* SettingsPresenter.swift in Sources */ = {isa = PBXBuildFile; fileRef = 6051C98629388F5B006EA4FB /* SettingsPresenter.swift */; };
		6051C9892938A225006EA4FB /* RouterMain.swift in Sources */ = {isa = PBXBuildFile; fileRef = 6051C9882938A225006EA4FB /* RouterMain.swift */; };
		6051C98B2938A424006EA4FB /* AssemblyModelBuilder.swift in Sources */ = {isa = PBXBuildFile; fileRef = 6051C98A2938A424006EA4FB /* AssemblyModelBuilder.swift */; };
		6051C990293C7059006EA4FB /* SettingsModel.swift in Sources */ = {isa = PBXBuildFile; fileRef = 6051C98F293C7059006EA4FB /* SettingsModel.swift */; };
		6051C992293C70B7006EA4FB /* TimeTableViewCell.swift in Sources */ = {isa = PBXBuildFile; fileRef = 6051C991293C70B7006EA4FB /* TimeTableViewCell.swift */; };
		60C1126F2A5ABDB3005E06B1 /* Colors.swift in Sources */ = {isa = PBXBuildFile; fileRef = 60C1126E2A5ABDB3005E06B1 /* Colors.swift */; };
		60C112712A5AC8DA005E06B1 /* Fonts.swift in Sources */ = {isa = PBXBuildFile; fileRef = 60C112702A5AC8DA005E06B1 /* Fonts.swift */; };
		60D98FAA2BEA73AC00F69EFD /* DataManager.swift in Sources */ = {isa = PBXBuildFile; fileRef = 60D98FA92BEA73AC00F69EFD /* DataManager.swift */; };
		60EB1D672B48484A001B7C3E /* TimeService.swift in Sources */ = {isa = PBXBuildFile; fileRef = 60EB1D662B48484A001B7C3E /* TimeService.swift */; };
/* End PBXBuildFile section */

/* Begin PBXFileReference section */
		60180BC92959D19200D30877 /* NewTimeViewController.swift */ = {isa = PBXFileReference; lastKnownFileType = sourcecode.swift; path = NewTimeViewController.swift; sourceTree = "<group>"; };
		60180BCC2959D1D900D30877 /* NewTimePresenter.swift */ = {isa = PBXFileReference; lastKnownFileType = sourcecode.swift; path = NewTimePresenter.swift; sourceTree = "<group>"; };
		60180BCE2959D4DC00D30877 /* NewTimeModel.swift */ = {isa = PBXFileReference; lastKnownFileType = sourcecode.swift; path = NewTimeModel.swift; sourceTree = "<group>"; };
		6051C96029338FE9006EA4FB /* ChessClockMVP.app */ = {isa = PBXFileReference; explicitFileType = wrapper.application; includeInIndex = 0; path = ChessClockMVP.app; sourceTree = BUILT_PRODUCTS_DIR; };
		6051C96329338FE9006EA4FB /* AppDelegate.swift */ = {isa = PBXFileReference; lastKnownFileType = sourcecode.swift; path = AppDelegate.swift; sourceTree = "<group>"; };
		6051C96529338FE9006EA4FB /* SceneDelegate.swift */ = {isa = PBXFileReference; lastKnownFileType = sourcecode.swift; path = SceneDelegate.swift; sourceTree = "<group>"; };
		6051C96729338FE9006EA4FB /* MainViewController.swift */ = {isa = PBXFileReference; lastKnownFileType = sourcecode.swift; path = MainViewController.swift; sourceTree = "<group>"; };
		6051C96C29338FEC006EA4FB /* Assets.xcassets */ = {isa = PBXFileReference; lastKnownFileType = folder.assetcatalog; path = Assets.xcassets; sourceTree = "<group>"; };
		6051C96F29338FEC006EA4FB /* Base */ = {isa = PBXFileReference; lastKnownFileType = file.storyboard; name = Base; path = Base.lproj/LaunchScreen.storyboard; sourceTree = "<group>"; };
		6051C97129338FEC006EA4FB /* Info.plist */ = {isa = PBXFileReference; lastKnownFileType = text.plist.xml; path = Info.plist; sourceTree = "<group>"; };
		6051C97D2937500F006EA4FB /* Time.swift */ = {isa = PBXFileReference; lastKnownFileType = sourcecode.swift; path = Time.swift; sourceTree = "<group>"; };
		6051C97F29378BC1006EA4FB /* MainPresenter.swift */ = {isa = PBXFileReference; lastKnownFileType = sourcecode.swift; path = MainPresenter.swift; sourceTree = "<group>"; };
		6051C98429388E79006EA4FB /* SettingsViewController.swift */ = {isa = PBXFileReference; lastKnownFileType = sourcecode.swift; path = SettingsViewController.swift; sourceTree = "<group>"; };
		6051C98629388F5B006EA4FB /* SettingsPresenter.swift */ = {isa = PBXFileReference; lastKnownFileType = sourcecode.swift; path = SettingsPresenter.swift; sourceTree = "<group>"; };
		6051C9882938A225006EA4FB /* RouterMain.swift */ = {isa = PBXFileReference; lastKnownFileType = sourcecode.swift; path = RouterMain.swift; sourceTree = "<group>"; };
		6051C98A2938A424006EA4FB /* AssemblyModelBuilder.swift */ = {isa = PBXFileReference; lastKnownFileType = sourcecode.swift; path = AssemblyModelBuilder.swift; sourceTree = "<group>"; };
		6051C98F293C7059006EA4FB /* SettingsModel.swift */ = {isa = PBXFileReference; lastKnownFileType = sourcecode.swift; path = SettingsModel.swift; sourceTree = "<group>"; };
		6051C991293C70B7006EA4FB /* TimeTableViewCell.swift */ = {isa = PBXFileReference; lastKnownFileType = sourcecode.swift; path = TimeTableViewCell.swift; sourceTree = "<group>"; };
		60C1126E2A5ABDB3005E06B1 /* Colors.swift */ = {isa = PBXFileReference; lastKnownFileType = sourcecode.swift; path = Colors.swift; sourceTree = "<group>"; };
		60C112702A5AC8DA005E06B1 /* Fonts.swift */ = {isa = PBXFileReference; lastKnownFileType = sourcecode.swift; path = Fonts.swift; sourceTree = "<group>"; };
		60D98FA92BEA73AC00F69EFD /* DataManager.swift */ = {isa = PBXFileReference; lastKnownFileType = sourcecode.swift; path = DataManager.swift; sourceTree = "<group>"; };
		60EB1D662B48484A001B7C3E /* TimeService.swift */ = {isa = PBXFileReference; lastKnownFileType = sourcecode.swift; path = TimeService.swift; sourceTree = "<group>"; };
/* End PBXFileReference section */

/* Begin PBXFrameworksBuildPhase section */
		6051C95D29338FE9006EA4FB /* Frameworks */ = {
			isa = PBXFrameworksBuildPhase;
			buildActionMask = 2147483647;
			files = (
			);
			runOnlyForDeploymentPostprocessing = 0;
		};
/* End PBXFrameworksBuildPhase section */

/* Begin PBXGroup section */
		60180BC72959D14700D30877 /* CustomTimeModule */ = {
			isa = PBXGroup;
			children = (
				60180BCB2959D1B100D30877 /* Presenter */,
				60180BC82959D16F00D30877 /* View */,
				60180BD02959D50300D30877 /* Model */,
			);
			path = CustomTimeModule;
			sourceTree = "<group>";
		};
		60180BC82959D16F00D30877 /* View */ = {
			isa = PBXGroup;
			children = (
				60180BC92959D19200D30877 /* NewTimeViewController.swift */,
			);
			path = View;
			sourceTree = "<group>";
		};
		60180BCB2959D1B100D30877 /* Presenter */ = {
			isa = PBXGroup;
			children = (
				60180BCC2959D1D900D30877 /* NewTimePresenter.swift */,
			);
			path = Presenter;
			sourceTree = "<group>";
		};
		60180BD02959D50300D30877 /* Model */ = {
			isa = PBXGroup;
			children = (
				60180BCE2959D4DC00D30877 /* NewTimeModel.swift */,
			);
			path = Model;
			sourceTree = "<group>";
		};
		6051C95729338FE9006EA4FB = {
			isa = PBXGroup;
			children = (
				6051C96229338FE9006EA4FB /* ChessClockMVP */,
				6051C96129338FE9006EA4FB /* Products */,
			);
			sourceTree = "<group>";
		};
		6051C96129338FE9006EA4FB /* Products */ = {
			isa = PBXGroup;
			children = (
				6051C96029338FE9006EA4FB /* ChessClockMVP.app */,
			);
			name = Products;
			sourceTree = "<group>";
		};
		6051C96229338FE9006EA4FB /* ChessClockMVP */ = {
			isa = PBXGroup;
			children = (
				6051C98A2938A424006EA4FB /* AssemblyModelBuilder.swift */,
				6051C9882938A225006EA4FB /* RouterMain.swift */,
				60180BC72959D14700D30877 /* CustomTimeModule */,
				6051C9812938827F006EA4FB /* SettingsModule */,
				6051C97729339674006EA4FB /* MainModule */,
				60EB1D652B4847F8001B7C3E /* Services */,
				6051C97B293396FB006EA4FB /* SupportingFiles */,
				6051C97C29339740006EA4FB /* Resources */,
				6051C96E29338FEC006EA4FB /* LaunchScreen.storyboard */,
			);
			path = ChessClockMVP;
			sourceTree = "<group>";
		};
		6051C97729339674006EA4FB /* MainModule */ = {
			isa = PBXGroup;
			children = (
				6051C97A293396A6006EA4FB /* View */,
				6051C97929339696006EA4FB /* Model */,
				6051C97829339684006EA4FB /* Presenter */,
			);
			path = MainModule;
			sourceTree = "<group>";
		};
		6051C97829339684006EA4FB /* Presenter */ = {
			isa = PBXGroup;
			children = (
				6051C97F29378BC1006EA4FB /* MainPresenter.swift */,
			);
			path = Presenter;
			sourceTree = "<group>";
		};
		6051C97929339696006EA4FB /* Model */ = {
			isa = PBXGroup;
			children = (
				6051C97D2937500F006EA4FB /* Time.swift */,
			);
			path = Model;
			sourceTree = "<group>";
		};
		6051C97A293396A6006EA4FB /* View */ = {
			isa = PBXGroup;
			children = (
				6051C96729338FE9006EA4FB /* MainViewController.swift */,
			);
			path = View;
			sourceTree = "<group>";
		};
		6051C97B293396FB006EA4FB /* SupportingFiles */ = {
			isa = PBXGroup;
			children = (
				6051C96529338FE9006EA4FB /* SceneDelegate.swift */,
				6051C96329338FE9006EA4FB /* AppDelegate.swift */,
				6051C97129338FEC006EA4FB /* Info.plist */,
			);
			path = SupportingFiles;
			sourceTree = "<group>";
		};
		6051C97C29339740006EA4FB /* Resources */ = {
			isa = PBXGroup;
			children = (
				6051C96C29338FEC006EA4FB /* Assets.xcassets */,
				60C112702A5AC8DA005E06B1 /* Fonts.swift */,
				60C1126E2A5ABDB3005E06B1 /* Colors.swift */,
			);
			path = Resources;
			sourceTree = "<group>";
		};
		6051C9812938827F006EA4FB /* SettingsModule */ = {
			isa = PBXGroup;
			children = (
				6051C98E293C7036006EA4FB /* Model */,
				6051C9832938832B006EA4FB /* View */,
				6051C9822938829B006EA4FB /* Presenter */,
			);
			path = SettingsModule;
			sourceTree = "<group>";
		};
		6051C9822938829B006EA4FB /* Presenter */ = {
			isa = PBXGroup;
			children = (
				6051C98629388F5B006EA4FB /* SettingsPresenter.swift */,
			);
			path = Presenter;
			sourceTree = "<group>";
		};
		6051C9832938832B006EA4FB /* View */ = {
			isa = PBXGroup;
			children = (
				6051C98429388E79006EA4FB /* SettingsViewController.swift */,
				6051C991293C70B7006EA4FB /* TimeTableViewCell.swift */,
			);
			path = View;
			sourceTree = "<group>";
		};
		6051C98E293C7036006EA4FB /* Model */ = {
			isa = PBXGroup;
			children = (
				6051C98F293C7059006EA4FB /* SettingsModel.swift */,
			);
			path = Model;
			sourceTree = "<group>";
		};
		60EB1D652B4847F8001B7C3E /* Services */ = {
			isa = PBXGroup;
			children = (
				60EB1D662B48484A001B7C3E /* TimeService.swift */,
				60D98FA92BEA73AC00F69EFD /* DataManager.swift */,
			);
			path = Services;
			sourceTree = "<group>";
		};
/* End PBXGroup section */

/* Begin PBXNativeTarget section */
		6051C95F29338FE9006EA4FB /* ChessClockMVP */ = {
			isa = PBXNativeTarget;
			buildConfigurationList = 6051C97429338FEC006EA4FB /* Build configuration list for PBXNativeTarget "ChessClockMVP" */;
			buildPhases = (
				6051C95C29338FE9006EA4FB /* Sources */,
				6051C95D29338FE9006EA4FB /* Frameworks */,
				6051C95E29338FE9006EA4FB /* Resources */,
			);
			buildRules = (
			);
			dependencies = (
			);
			name = ChessClockMVP;
			productName = ChessClockMVP;
			productReference = 6051C96029338FE9006EA4FB /* ChessClockMVP.app */;
			productType = "com.apple.product-type.application";
		};
/* End PBXNativeTarget section */

/* Begin PBXProject section */
		6051C95829338FE9006EA4FB /* Project object */ = {
			isa = PBXProject;
			attributes = {
				BuildIndependentTargetsInParallel = 1;
				LastSwiftUpdateCheck = 1410;
				LastUpgradeCheck = 1410;
				TargetAttributes = {
					6051C95F29338FE9006EA4FB = {
						CreatedOnToolsVersion = 14.1;
					};
				};
			};
			buildConfigurationList = 6051C95B29338FE9006EA4FB /* Build configuration list for PBXProject "ChessClockMVP" */;
			compatibilityVersion = "Xcode 14.0";
			developmentRegion = en;
			hasScannedForEncodings = 0;
			knownRegions = (
				en,
				Base,
			);
			mainGroup = 6051C95729338FE9006EA4FB;
			productRefGroup = 6051C96129338FE9006EA4FB /* Products */;
			projectDirPath = "";
			projectRoot = "";
			targets = (
				6051C95F29338FE9006EA4FB /* ChessClockMVP */,
			);
		};
/* End PBXProject section */

/* Begin PBXResourcesBuildPhase section */
		6051C95E29338FE9006EA4FB /* Resources */ = {
			isa = PBXResourcesBuildPhase;
			buildActionMask = 2147483647;
			files = (
				6051C97029338FEC006EA4FB /* LaunchScreen.storyboard in Resources */,
				6051C96D29338FEC006EA4FB /* Assets.xcassets in Resources */,
			);
			runOnlyForDeploymentPostprocessing = 0;
		};
/* End PBXResourcesBuildPhase section */

/* Begin PBXSourcesBuildPhase section */
		6051C95C29338FE9006EA4FB /* Sources */ = {
			isa = PBXSourcesBuildPhase;
			buildActionMask = 2147483647;
			files = (
				60C112712A5AC8DA005E06B1 /* Fonts.swift in Sources */,
				6051C98029378BC1006EA4FB /* MainPresenter.swift in Sources */,
				60C1126F2A5ABDB3005E06B1 /* Colors.swift in Sources */,
				6051C9892938A225006EA4FB /* RouterMain.swift in Sources */,
				6051C98729388F5B006EA4FB /* SettingsPresenter.swift in Sources */,
				60180BCD2959D1D900D30877 /* NewTimePresenter.swift in Sources */,
				6051C97E2937500F006EA4FB /* Time.swift in Sources */,
				60D98FAA2BEA73AC00F69EFD /* DataManager.swift in Sources */,
				6051C992293C70B7006EA4FB /* TimeTableViewCell.swift in Sources */,
				60180BCF2959D4DC00D30877 /* NewTimeModel.swift in Sources */,
				6051C96829338FE9006EA4FB /* MainViewController.swift in Sources */,
				60EB1D672B48484A001B7C3E /* TimeService.swift in Sources */,
				6051C96429338FE9006EA4FB /* AppDelegate.swift in Sources */,
				6051C990293C7059006EA4FB /* SettingsModel.swift in Sources */,
				6051C98B2938A424006EA4FB /* AssemblyModelBuilder.swift in Sources */,
				6051C96629338FE9006EA4FB /* SceneDelegate.swift in Sources */,
				6051C98529388E79006EA4FB /* SettingsViewController.swift in Sources */,
				60180BCA2959D19200D30877 /* NewTimeViewController.swift in Sources */,
			);
			runOnlyForDeploymentPostprocessing = 0;
		};
/* End PBXSourcesBuildPhase section */

/* Begin PBXVariantGroup section */
		6051C96E29338FEC006EA4FB /* LaunchScreen.storyboard */ = {
			isa = PBXVariantGroup;
			children = (
				6051C96F29338FEC006EA4FB /* Base */,
			);
			name = LaunchScreen.storyboard;
			sourceTree = "<group>";
		};
/* End PBXVariantGroup section */

/* Begin XCBuildConfiguration section */
		6051C97229338FEC006EA4FB /* Debug */ = {
			isa = XCBuildConfiguration;
			buildSettings = {
				ALWAYS_SEARCH_USER_PATHS = NO;
				CLANG_ANALYZER_NONNULL = YES;
				CLANG_ANALYZER_NUMBER_OBJECT_CONVERSION = YES_AGGRESSIVE;
				CLANG_CXX_LANGUAGE_STANDARD = "gnu++20";
				CLANG_ENABLE_MODULES = YES;
				CLANG_ENABLE_OBJC_ARC = YES;
				CLANG_ENABLE_OBJC_WEAK = YES;
				CLANG_WARN_BLOCK_CAPTURE_AUTORELEASING = YES;
				CLANG_WARN_BOOL_CONVERSION = YES;
				CLANG_WARN_COMMA = YES;
				CLANG_WARN_CONSTANT_CONVERSION = YES;
				CLANG_WARN_DEPRECATED_OBJC_IMPLEMENTATIONS = YES;
				CLANG_WARN_DIRECT_OBJC_ISA_USAGE = YES_ERROR;
				CLANG_WARN_DOCUMENTATION_COMMENTS = YES;
				CLANG_WARN_EMPTY_BODY = YES;
				CLANG_WARN_ENUM_CONVERSION = YES;
				CLANG_WARN_INFINITE_RECURSION = YES;
				CLANG_WARN_INT_CONVERSION = YES;
				CLANG_WARN_NON_LITERAL_NULL_CONVERSION = YES;
				CLANG_WARN_OBJC_IMPLICIT_RETAIN_SELF = YES;
				CLANG_WARN_OBJC_LITERAL_CONVERSION = YES;
				CLANG_WARN_OBJC_ROOT_CLASS = YES_ERROR;
				CLANG_WARN_QUOTED_INCLUDE_IN_FRAMEWORK_HEADER = YES;
				CLANG_WARN_RANGE_LOOP_ANALYSIS = YES;
				CLANG_WARN_STRICT_PROTOTYPES = YES;
				CLANG_WARN_SUSPICIOUS_MOVE = YES;
				CLANG_WARN_UNGUARDED_AVAILABILITY = YES_AGGRESSIVE;
				CLANG_WARN_UNREACHABLE_CODE = YES;
				CLANG_WARN__DUPLICATE_METHOD_MATCH = YES;
				COPY_PHASE_STRIP = NO;
				DEBUG_INFORMATION_FORMAT = dwarf;
				ENABLE_STRICT_OBJC_MSGSEND = YES;
				ENABLE_TESTABILITY = YES;
				GCC_C_LANGUAGE_STANDARD = gnu11;
				GCC_DYNAMIC_NO_PIC = NO;
				GCC_NO_COMMON_BLOCKS = YES;
				GCC_OPTIMIZATION_LEVEL = 0;
				GCC_PREPROCESSOR_DEFINITIONS = (
					"DEBUG=1",
					"$(inherited)",
				);
				GCC_WARN_64_TO_32_BIT_CONVERSION = YES;
				GCC_WARN_ABOUT_RETURN_TYPE = YES_ERROR;
				GCC_WARN_UNDECLARED_SELECTOR = YES;
				GCC_WARN_UNINITIALIZED_AUTOS = YES_AGGRESSIVE;
				GCC_WARN_UNUSED_FUNCTION = YES;
				GCC_WARN_UNUSED_VARIABLE = YES;
				IPHONEOS_DEPLOYMENT_TARGET = 16.1;
				MTL_ENABLE_DEBUG_INFO = INCLUDE_SOURCE;
				MTL_FAST_MATH = YES;
				ONLY_ACTIVE_ARCH = YES;
				SDKROOT = iphoneos;
				SWIFT_ACTIVE_COMPILATION_CONDITIONS = DEBUG;
				SWIFT_OPTIMIZATION_LEVEL = "-Onone";
			};
			name = Debug;
		};
		6051C97329338FEC006EA4FB /* Release */ = {
			isa = XCBuildConfiguration;
			buildSettings = {
				ALWAYS_SEARCH_USER_PATHS = NO;
				CLANG_ANALYZER_NONNULL = YES;
				CLANG_ANALYZER_NUMBER_OBJECT_CONVERSION = YES_AGGRESSIVE;
				CLANG_CXX_LANGUAGE_STANDARD = "gnu++20";
				CLANG_ENABLE_MODULES = YES;
				CLANG_ENABLE_OBJC_ARC = YES;
				CLANG_ENABLE_OBJC_WEAK = YES;
				CLANG_WARN_BLOCK_CAPTURE_AUTORELEASING = YES;
				CLANG_WARN_BOOL_CONVERSION = YES;
				CLANG_WARN_COMMA = YES;
				CLANG_WARN_CONSTANT_CONVERSION = YES;
				CLANG_WARN_DEPRECATED_OBJC_IMPLEMENTATIONS = YES;
				CLANG_WARN_DIRECT_OBJC_ISA_USAGE = YES_ERROR;
				CLANG_WARN_DOCUMENTATION_COMMENTS = YES;
				CLANG_WARN_EMPTY_BODY = YES;
				CLANG_WARN_ENUM_CONVERSION = YES;
				CLANG_WARN_INFINITE_RECURSION = YES;
				CLANG_WARN_INT_CONVERSION = YES;
				CLANG_WARN_NON_LITERAL_NULL_CONVERSION = YES;
				CLANG_WARN_OBJC_IMPLICIT_RETAIN_SELF = YES;
				CLANG_WARN_OBJC_LITERAL_CONVERSION = YES;
				CLANG_WARN_OBJC_ROOT_CLASS = YES_ERROR;
				CLANG_WARN_QUOTED_INCLUDE_IN_FRAMEWORK_HEADER = YES;
				CLANG_WARN_RANGE_LOOP_ANALYSIS = YES;
				CLANG_WARN_STRICT_PROTOTYPES = YES;
				CLANG_WARN_SUSPICIOUS_MOVE = YES;
				CLANG_WARN_UNGUARDED_AVAILABILITY = YES_AGGRESSIVE;
				CLANG_WARN_UNREACHABLE_CODE = YES;
				CLANG_WARN__DUPLICATE_METHOD_MATCH = YES;
				COPY_PHASE_STRIP = NO;
				DEBUG_INFORMATION_FORMAT = "dwarf-with-dsym";
				ENABLE_NS_ASSERTIONS = NO;
				ENABLE_STRICT_OBJC_MSGSEND = YES;
				GCC_C_LANGUAGE_STANDARD = gnu11;
				GCC_NO_COMMON_BLOCKS = YES;
				GCC_WARN_64_TO_32_BIT_CONVERSION = YES;
				GCC_WARN_ABOUT_RETURN_TYPE = YES_ERROR;
				GCC_WARN_UNDECLARED_SELECTOR = YES;
				GCC_WARN_UNINITIALIZED_AUTOS = YES_AGGRESSIVE;
				GCC_WARN_UNUSED_FUNCTION = YES;
				GCC_WARN_UNUSED_VARIABLE = YES;
				IPHONEOS_DEPLOYMENT_TARGET = 16.1;
				MTL_ENABLE_DEBUG_INFO = NO;
				MTL_FAST_MATH = YES;
				SDKROOT = iphoneos;
				SWIFT_COMPILATION_MODE = wholemodule;
				SWIFT_OPTIMIZATION_LEVEL = "-O";
				VALIDATE_PRODUCT = YES;
			};
			name = Release;
		};
		6051C97529338FEC006EA4FB /* Debug */ = {
			isa = XCBuildConfiguration;
			buildSettings = {
				ASSETCATALOG_COMPILER_APPICON_NAME = AppIcon;
				ASSETCATALOG_COMPILER_GLOBAL_ACCENT_COLOR_NAME = AccentColor;
				CODE_SIGN_STYLE = Automatic;
				CURRENT_PROJECT_VERSION = 1;
				DEVELOPMENT_TEAM = 6LNPML24U5;
				GENERATE_INFOPLIST_FILE = YES;
				INFOPLIST_FILE = ChessClockMVP/SupportingFiles/Info.plist;
				INFOPLIST_KEY_UIApplicationSupportsIndirectInputEvents = YES;
				INFOPLIST_KEY_UILaunchStoryboardName = LaunchScreen;
				INFOPLIST_KEY_UISupportedInterfaceOrientations = UIInterfaceOrientationPortrait;
				INFOPLIST_KEY_UISupportedInterfaceOrientations_iPad = "UIInterfaceOrientationLandscapeLeft UIInterfaceOrientationLandscapeRight UIInterfaceOrientationPortrait UIInterfaceOrientationPortraitUpsideDown";
				IPHONEOS_DEPLOYMENT_TARGET = 14.0;
				LD_RUNPATH_SEARCH_PATHS = (
					"$(inherited)",
					"@executable_path/Frameworks",
				);
				MARKETING_VERSION = 1.0;
				PRODUCT_BUNDLE_IDENTIFIER = com.AndreySapozhnikov.ChessClockMVP;
				PRODUCT_NAME = "$(TARGET_NAME)";
				SWIFT_EMIT_LOC_STRINGS = YES;
				SWIFT_VERSION = 5.0;
				TARGETED_DEVICE_FAMILY = "1,2";
			};
			name = Debug;
		};
		6051C97629338FEC006EA4FB /* Release */ = {
			isa = XCBuildConfiguration;
			buildSettings = {
				ASSETCATALOG_COMPILER_APPICON_NAME = AppIcon;
				ASSETCATALOG_COMPILER_GLOBAL_ACCENT_COLOR_NAME = AccentColor;
				CODE_SIGN_STYLE = Automatic;
				CURRENT_PROJECT_VERSION = 1;
				DEVELOPMENT_TEAM = 6LNPML24U5;
				GENERATE_INFOPLIST_FILE = YES;
				INFOPLIST_FILE = ChessClockMVP/SupportingFiles/Info.plist;
				INFOPLIST_KEY_UIApplicationSupportsIndirectInputEvents = YES;
				INFOPLIST_KEY_UILaunchStoryboardName = LaunchScreen;
				INFOPLIST_KEY_UISupportedInterfaceOrientations = UIInterfaceOrientationPortrait;
				INFOPLIST_KEY_UISupportedInterfaceOrientations_iPad = "UIInterfaceOrientationLandscapeLeft UIInterfaceOrientationLandscapeRight UIInterfaceOrientationPortrait UIInterfaceOrientationPortraitUpsideDown";
				IPHONEOS_DEPLOYMENT_TARGET = 14.0;
				LD_RUNPATH_SEARCH_PATHS = (
					"$(inherited)",
					"@executable_path/Frameworks",
				);
				MARKETING_VERSION = 1.0;
				PRODUCT_BUNDLE_IDENTIFIER = com.AndreySapozhnikov.ChessClockMVP;
				PRODUCT_NAME = "$(TARGET_NAME)";
				SWIFT_EMIT_LOC_STRINGS = YES;
				SWIFT_VERSION = 5.0;
				TARGETED_DEVICE_FAMILY = "1,2";
			};
			name = Release;
		};
/* End XCBuildConfiguration section */

/* Begin XCConfigurationList section */
		6051C95B29338FE9006EA4FB /* Build configuration list for PBXProject "ChessClockMVP" */ = {
			isa = XCConfigurationList;
			buildConfigurations = (
				6051C97229338FEC006EA4FB /* Debug */,
				6051C97329338FEC006EA4FB /* Release */,
			);
			defaultConfigurationIsVisible = 0;
			defaultConfigurationName = Release;
		};
		6051C97429338FEC006EA4FB /* Build configuration list for PBXNativeTarget "ChessClockMVP" */ = {
			isa = XCConfigurationList;
			buildConfigurations = (
				6051C97529338FEC006EA4FB /* Debug */,
				6051C97629338FEC006EA4FB /* Release */,
			);
			defaultConfigurationIsVisible = 0;
			defaultConfigurationName = Release;
		};
/* End XCConfigurationList section */
	};
	rootObject = 6051C95829338FE9006EA4FB /* Project object */;
}
